
Microsoft Visual Studio Solution File, Format Version 12.00
# Visual Studio Version 17
VisualStudioVersion = 17.6.33829.357
MinimumVisualStudioVersion = 10.0.40219.1
Project("{FAE04EC0-301F-11D3-BF4B-00C04F79EFBC}") = "ZeitErfassung", "ZeitErfassung\ZeitErfassung.csproj", "{60B9CD85-83F4-495C-9E84-35EE460A7014}"
EndProject
Global
	GlobalSection(SolutionConfigurationPlatforms) = preSolution
		Debug|Any CPU = Debug|Any CPU
		Release|Any CPU = Release|Any CPU
	EndGlobalSection
	GlobalSection(ProjectConfigurationPlatforms) = postSolution
		{60B9CD85-83F4-495C-9E84-35EE460A7014}.Debug|Any CPU.ActiveCfg = Debug|Any CPU
		{60B9CD85-83F4-495C-9E84-35EE460A7014}.Debug|Any CPU.Build.0 = Debug|Any CPU
		{60B9CD85-83F4-495C-9E84-35EE460A7014}.Release|Any CPU.ActiveCfg = Release|Any CPU
		{60B9CD85-83F4-495C-9E84-35EE460A7014}.Release|Any CPU.Build.0 = Release|Any CPU
	EndGlobalSection
	GlobalSection(SolutionProperties) = preSolution
		HideSolutionNode = FALSE
	EndGlobalSection
	GlobalSection(ExtensibilityGlobals) = postSolution
		SolutionGuid = {C3B06FF3-0B3C-4FC3-8635-D3F3D1995A4C}
	EndGlobalSection
EndGlobal
